
Microsoft Visual Studio Solution File, Format Version 12.00
Project("{FAE04EC0-301F-11D3-BF4B-00C04F79EFBC}") = "Piyavate_Hospital.Api", "API\Piyavate_Hospital.Api\Piyavate_Hospital.Api.csproj", "{12FDE826-FCA9-487A-AEA5-8DC8E49788CE}"
EndProject
Project("{FAE04EC0-301F-11D3-BF4B-00C04F79EFBC}") = "Piyavate_Hospital.Application", "API\Piyavate_Hospital.Application\Piyavate_Hospital.Application.csproj", "{A2B0E6C2-E408-4BF3-BB6B-27646B08334C}"
EndProject
Project("{FAE04EC0-301F-11D3-BF4B-00C04F79EFBC}") = "Piyavate_Hospital.Domain", "API\Piyavate_Hospital.Domain\Piyavate_Hospital.Domain.csproj", "{D7573BFC-A2D1-4A9E-8216-E562DB7913E0}"
EndProject
Project("{FAE04EC0-301F-11D3-BF4B-00C04F79EFBC}") = "Piyavate_Hospital.Infrastructure", "API\Piyavate_Hospital.Infrastructure\Piyavate_Hospital.Infrastructure.csproj", "{0D172C8C-C735-4493-8FAB-F5B60659AFB5}"
EndProject
Project("{2150E333-8FDC-42A3-9474-1A3956D46DE8}") = "Piyavate_Hospital.SapSdk", "Piyavate_Hospital.SapSdk", "{54CB8A9C-32AF-484D-87CD-3B3ABBB5325B}"
	ProjectSection(SolutionItems) = preProject
		API\Piyavate_Hospital.SapSdk\SAPBusinessOneSDK.dll = API\Piyavate_Hospital.SapSdk\SAPBusinessOneSDK.dll
	EndProjectSection
EndProject
Project("{2150E333-8FDC-42A3-9474-1A3956D46DE8}") = "Piyavate_Hospital.Script", "Piyavate_Hospital.Script", "{7B47CF08-A255-40B7-8726-E9811202170A}"
	ProjectSection(SolutionItems) = preProject
		API\Piyavate_Hospital.Script\Hana\Layout\GoodReceiptPo\_USP_CALL_MATERIALS_PHASE2_GRPO_LAYOUT_BARCODE.sql = API\Piyavate_Hospital.Script\Hana\Layout\GoodReceiptPo\_USP_CALL_MATERIALS_PHASE2_GRPO_LAYOUT_BARCODE.sql
		API\Piyavate_Hospital.Script\Hana\Layout\GoodReceiptPo\_USP_CALL_RAW_IN_DIRECT_GRPO_LAYOUT_BARCODE.sql = API\Piyavate_Hospital.Script\Hana\Layout\GoodReceiptPo\_USP_CALL_RAW_IN_DIRECT_GRPO_LAYOUT_BARCODE.sql
		API\Piyavate_Hospital.Script\Hana\Layout\GoodReceiptPo\_USP_CALL_RAW_MATERIALS_GRPO_LAYOUT_BARCODE.sql = API\Piyavate_Hospital.Script\Hana\Layout\GoodReceiptPo\_USP_CALL_RAW_MATERIALS_GRPO_LAYOUT_BARCODE.sql
		API\Piyavate_Hospital.Script\Hana\Layout\ReceiptFG&ReturnComponent\_USP_CALL_FINISHED_GOODS_OIGN_LAYOUT_BARCODE.sql = API\Piyavate_Hospital.Script\Hana\Layout\ReceiptFG&ReturnComponent\_USP_CALL_FINISHED_GOODS_OIGN_LAYOUT_BARCODE.sql
		API\Piyavate_Hospital.Script\Hana\Layout\ReceiptFG&ReturnComponent\_USP_CALL_MATERIALS_PHASE2_OIGN_LAYOUT_BARCODE.sql = API\Piyavate_Hospital.Script\Hana\Layout\ReceiptFG&ReturnComponent\_USP_CALL_MATERIALS_PHASE2_OIGN_LAYOUT_BARCODE.sql
		API\Piyavate_Hospital.Script\Hana\Layout\ReceiptFG&ReturnComponent\_USP_CALL_WORK_IN_PROCESS_OIGN_LAYOUT_BARCODE.sql = API\Piyavate_Hospital.Script\Hana\Layout\ReceiptFG&ReturnComponent\_USP_CALL_WORK_IN_PROCESS_OIGN_LAYOUT_BARCODE.sql
		API\Piyavate_Hospital.Script\Hana\_USP_CALLTRANS_EWTRANSACTION.sql = API\Piyavate_Hospital.Script\Hana\_USP_CALLTRANS_EWTRANSACTION.sql
		API\Piyavate_Hospital.Script\SQL\USP_CALLTRANSCATION_POSKOFI.sql = API\Piyavate_Hospital.Script\SQL\USP_CALLTRANSCATION_POSKOFI.sql
		API\Piyavate_Hospital.Script\SQL\USP_CALLTRANSCATION_POSKOFI_REAKSMEY.sql = API\Piyavate_Hospital.Script\SQL\USP_CALLTRANSCATION_POSKOFI_REAKSMEY.sql
		API\Piyavate_Hospital.Script\SQL\USP_KOFI_BARCODE_PRINTING.sql = API\Piyavate_Hospital.Script\SQL\USP_KOFI_BARCODE_PRINTING.sql
	EndProjectSection
EndProject
Global
	GlobalSection(SolutionConfigurationPlatforms) = preSolution
		Debug|Any CPU = Debug|Any CPU
		Release|Any CPU = Release|Any CPU
	EndGlobalSection
	GlobalSection(ProjectConfigurationPlatforms) = postSolution
		{12FDE826-FCA9-487A-AEA5-8DC8E49788CE}.Debug|Any CPU.ActiveCfg = Debug|Any CPU
		{12FDE826-FCA9-487A-AEA5-8DC8E49788CE}.Debug|Any CPU.Build.0 = Debug|Any CPU
		{12FDE826-FCA9-487A-AEA5-8DC8E49788CE}.Release|Any CPU.ActiveCfg = Release|Any CPU
		{12FDE826-FCA9-487A-AEA5-8DC8E49788CE}.Release|Any CPU.Build.0 = Release|Any CPU
		{A2B0E6C2-E408-4BF3-BB6B-27646B08334C}.Debug|Any CPU.ActiveCfg = Debug|Any CPU
		{A2B0E6C2-E408-4BF3-BB6B-27646B08334C}.Debug|Any CPU.Build.0 = Debug|Any CPU
		{A2B0E6C2-E408-4BF3-BB6B-27646B08334C}.Release|Any CPU.ActiveCfg = Release|Any CPU
		{A2B0E6C2-E408-4BF3-BB6B-27646B08334C}.Release|Any CPU.Build.0 = Release|Any CPU
		{D7573BFC-A2D1-4A9E-8216-E562DB7913E0}.Debug|Any CPU.ActiveCfg = Debug|Any CPU
		{D7573BFC-A2D1-4A9E-8216-E562DB7913E0}.Debug|Any CPU.Build.0 = Debug|Any CPU
		{D7573BFC-A2D1-4A9E-8216-E562DB7913E0}.Release|Any CPU.ActiveCfg = Release|Any CPU
		{D7573BFC-A2D1-4A9E-8216-E562DB7913E0}.Release|Any CPU.Build.0 = Release|Any CPU
		{0D172C8C-C735-4493-8FAB-F5B60659AFB5}.Debug|Any CPU.ActiveCfg = Debug|Any CPU
		{0D172C8C-C735-4493-8FAB-F5B60659AFB5}.Debug|Any CPU.Build.0 = Debug|Any CPU
		{0D172C8C-C735-4493-8FAB-F5B60659AFB5}.Release|Any CPU.ActiveCfg = Release|Any CPU
		{0D172C8C-C735-4493-8FAB-F5B60659AFB5}.Release|Any CPU.Build.0 = Release|Any CPU
	EndGlobalSection
EndGlobal
